
Microsoft Visual Studio Solution File, Format Version 12.00
# Visual Studio Version 17
VisualStudioVersion = 17.3.32929.385
MinimumVisualStudioVersion = 10.0.40219.1
Project("{9A19103F-16F7-4668-BE54-9A1E7A4F7556}") = "WebApplication3", "WebApplication3.csproj", "{A112A60F-FE16-4F47-964F-50DF664D8978}"
EndProject
Global
	GlobalSection(SolutionConfigurationPlatforms) = preSolution
		Debug|Any CPU = Debug|Any CPU
		Release|Any CPU = Release|Any CPU
	EndGlobalSection
	GlobalSection(ProjectConfigurationPlatforms) = postSolution
		{A112A60F-FE16-4F47-964F-50DF664D8978}.Debug|Any CPU.ActiveCfg = Debug|Any CPU
		{A112A60F-FE16-4F47-964F-50DF664D8978}.Debug|Any CPU.Build.0 = Debug|Any CPU
		{A112A60F-FE16-4F47-964F-50DF664D8978}.Release|Any CPU.ActiveCfg = Release|Any CPU
		{A112A60F-FE16-4F47-964F-50DF664D8978}.Release|Any CPU.Build.0 = Release|Any CPU
	EndGlobalSection
	GlobalSection(SolutionProperties) = preSolution
		HideSolutionNode = FALSE
	EndGlobalSection
	GlobalSection(ExtensibilityGlobals) = postSolution
		SolutionGuid = {FDAFDE45-1D0E-4317-B1AC-FE4EF406E4C5}
	EndGlobalSection
EndGlobal
